
Microsoft Visual Studio Solution File, Format Version 12.00
# Visual Studio Version 16
VisualStudioVersion = 16.0.29324.140
MinimumVisualStudioVersion = 10.0.40219.1
Project("{FAE04EC0-301F-11D3-BF4B-00C04F79EFBC}") = "Compilador", "Compilador.csproj", "{0173E80E-12F8-4475-9F29-E87408ADDC8C}"
EndProject
Global
	GlobalSection(SolutionConfigurationPlatforms) = preSolution
		Debug|Any CPU = Debug|Any CPU
		Release|Any CPU = Release|Any CPU
	EndGlobalSection
	GlobalSection(ProjectConfigurationPlatforms) = postSolution
		{0173E80E-12F8-4475-9F29-E87408ADDC8C}.Debug|Any CPU.ActiveCfg = Debug|Any CPU
		{0173E80E-12F8-4475-9F29-E87408ADDC8C}.Debug|Any CPU.Build.0 = Debug|Any CPU
		{0173E80E-12F8-4475-9F29-E87408ADDC8C}.Release|Any CPU.ActiveCfg = Release|Any CPU
		{0173E80E-12F8-4475-9F29-E87408ADDC8C}.Release|Any CPU.Build.0 = Release|Any CPU
	EndGlobalSection
	GlobalSection(SolutionProperties) = preSolution
		HideSolutionNode = FALSE
	EndGlobalSection
	GlobalSection(ExtensibilityGlobals) = postSolution
		SolutionGuid = {2A005841-B6C7-454D-8584-BF5546FF8BD9}
	EndGlobalSection
EndGlobal
